
Microsoft Visual Studio Solution File, Format Version 12.00
# Visual Studio Version 17
VisualStudioVersion = 17.8.34330.188
MinimumVisualStudioVersion = 10.0.40219.1
Project("{2150E333-8FDC-42A3-9474-1A3956D46DE8}") = "Services", "Services", "{330E56F0-B478-43F3-81BB-8277894F7A52}"
EndProject
Project("{2150E333-8FDC-42A3-9474-1A3956D46DE8}") = "Catalog", "Catalog", "{3ED7E1F2-1813-41CF-9B2A-5275A767A7E6}"
EndProject
Project("{9A19103F-16F7-4668-BE54-9A1E7A4F7556}") = "MicroserviceProject.Catalog", "Services\Catalog\MicroserviceProject.Catalog\MicroserviceProject.Catalog.csproj", "{95F3604D-A5D6-4A83-B41E-55F4E5380C15}"
EndProject
Project("{2150E333-8FDC-42A3-9474-1A3956D46DE8}") = "Discount", "Discount", "{3004CB9C-8EBF-4EF3-A659-039CDEF5384D}"
EndProject
Project("{9A19103F-16F7-4668-BE54-9A1E7A4F7556}") = "MicroserviceProject.Discount", "Services\Discount\MicroserviceProject.Discount\MicroserviceProject.Discount.csproj", "{708E072A-7F47-45FE-9856-BAD53A45B29C}"
EndProject
Project("{2150E333-8FDC-42A3-9474-1A3956D46DE8}") = "Order", "Order", "{5D12C521-625F-4357-9D6C-66209805C495}"
EndProject
Project("{2150E333-8FDC-42A3-9474-1A3956D46DE8}") = "Core", "Core", "{E3E5B133-A5BB-4DE2-9F83-7D573473504B}"
EndProject
Project("{2150E333-8FDC-42A3-9474-1A3956D46DE8}") = "Infrastructure", "Infrastructure", "{E475D187-4A99-4A50-93E5-AA871E4D9335}"
EndProject
Project("{2150E333-8FDC-42A3-9474-1A3956D46DE8}") = "Presentation", "Presentation", "{E61998B6-A4C5-4A59-B1CD-50DA548D04DA}"
EndProject
Project("{9A19103F-16F7-4668-BE54-9A1E7A4F7556}") = "MicroserviceProject.Order.Domain", "Services\Order\Core\MicroserviceProject.Order.Domain\MicroserviceProject.Order.Domain.csproj", "{24D09E50-EEAC-4719-8F51-EBC139E730C7}"
EndProject
Project("{9A19103F-16F7-4668-BE54-9A1E7A4F7556}") = "MicroserviceProject.Order.Application", "Services\Order\Core\MicroserviceProject.Order.Application\MicroserviceProject.Order.Application.csproj", "{C2915E38-5045-4045-B2CD-A790E9135F8B}"
EndProject
Project("{9A19103F-16F7-4668-BE54-9A1E7A4F7556}") = "MicroserviceProject.Order.Persistence", "Services\Order\Infrastructure\MicroserviceProject.Order.Persistence\MicroserviceProject.Order.Persistence.csproj", "{67008419-51FB-4161-95AB-FEF6088C6309}"
EndProject
Project("{9A19103F-16F7-4668-BE54-9A1E7A4F7556}") = "MicroserviceProject.Order.WebApi", "Services\Order\Presentation\MicroserviceProject.Order.WebApi\MicroserviceProject.Order.WebApi.csproj", "{3F7B8E48-5A36-4835-9081-93EE49A2AE6B}"
EndProject
Project("{2150E333-8FDC-42A3-9474-1A3956D46DE8}") = "IdentityServer", "IdentityServer", "{B635C485-6AA7-42CE-AEE4-90214CC73C35}"
EndProject
Project("{9A19103F-16F7-4668-BE54-9A1E7A4F7556}") = "MicroserviceProject.IdentityServer", "IdentityServer\MicroserviceProject.IdentityServer\MicroserviceProject.IdentityServer.csproj", "{192183E2-56DC-4AA9-82F1-D1A5314A8154}"
EndProject
Project("{2150E333-8FDC-42A3-9474-1A3956D46DE8}") = "Requirements", "Requirements", "{C20F7131-7939-40A5-B233-EA38321788AD}"
	ProjectSection(SolutionItems) = preProject
		PortNumbers.txt = PortNumbers.txt
	EndProjectSection
EndProject
Project("{2150E333-8FDC-42A3-9474-1A3956D46DE8}") = "Cargo", "Cargo", "{25BA1ED1-E7B7-4EA1-B723-6075783BCA83}"
EndProject
Project("{9A19103F-16F7-4668-BE54-9A1E7A4F7556}") = "MicroserviceProject.Cargo.EntityLayer", "Services\Cargo\MicroserviceProject.Cargo.EntityLayer\MicroserviceProject.Cargo.EntityLayer.csproj", "{CA03594C-FC7E-474E-9077-7399D14C4CE2}"
EndProject
Project("{9A19103F-16F7-4668-BE54-9A1E7A4F7556}") = "MicroserviceProject.Cargo.BusinessLayer", "Services\Cargo\MicroserviceProject.Cargo.BusinessLayer\MicroserviceProject.Cargo.BusinessLayer.csproj", "{2A399695-2141-447B-8FFC-3D0A5694D4C7}"
EndProject
Project("{9A19103F-16F7-4668-BE54-9A1E7A4F7556}") = "MicroserviceProject.Cargo.DataAccessLayer", "Services\Cargo\MicroserviceProject.Cargo.DataAccessLayer\MicroserviceProject.Cargo.DataAccessLayer.csproj", "{DD53E4D4-CDC3-468F-8C6D-F60C90F178C6}"
EndProject
Project("{9A19103F-16F7-4668-BE54-9A1E7A4F7556}") = "MicroserviceProject.Cargo.DtoLayer", "Services\Cargo\MicroserviceProject.Cargo.DtoLayer\MicroserviceProject.Cargo.DtoLayer.csproj", "{AD748526-4823-4335-821C-A82631C3041D}"
EndProject
Project("{9A19103F-16F7-4668-BE54-9A1E7A4F7556}") = "MicroserviceProject.Cargo.WebApi", "Services\Cargo\MicroserviceProject.Cargo.WebApi\MicroserviceProject.Cargo.WebApi.csproj", "{1E3E35D2-FB9F-4C5E-8342-CD13DB829CA2}"
EndProject
Project("{2150E333-8FDC-42A3-9474-1A3956D46DE8}") = "Basket", "Basket", "{1172EAAF-CE84-48D5-B55E-7612457B45A0}"
EndProject
Project("{9A19103F-16F7-4668-BE54-9A1E7A4F7556}") = "MicroserviceProject.Basket", "Services\Basket\MicroserviceProject.Basket\MicroserviceProject.Basket.csproj", "{D06F24E4-9588-4A38-89E6-08FEB065D8F9}"
EndProject
Project("{2150E333-8FDC-42A3-9474-1A3956D46DE8}") = "Frontends", "Frontends", "{9F3663E8-420B-4B6E-ACD5-4958C2779706}"
EndProject
Project("{FAE04EC0-301F-11D3-BF4B-00C04F79EFBC}") = "MicroserviceProject.WebUI", "Frontends\MicroserviceProject.WebUI\MicroserviceProject.WebUI.csproj", "{15F30F9E-0A12-41CA-B768-570728B853A4}"
EndProject
Global
	GlobalSection(SolutionConfigurationPlatforms) = preSolution
		Debug|Any CPU = Debug|Any CPU
		Release|Any CPU = Release|Any CPU
	EndGlobalSection
	GlobalSection(ProjectConfigurationPlatforms) = postSolution
		{95F3604D-A5D6-4A83-B41E-55F4E5380C15}.Debug|Any CPU.ActiveCfg = Debug|Any CPU
		{95F3604D-A5D6-4A83-B41E-55F4E5380C15}.Debug|Any CPU.Build.0 = Debug|Any CPU
		{95F3604D-A5D6-4A83-B41E-55F4E5380C15}.Release|Any CPU.ActiveCfg = Release|Any CPU
		{95F3604D-A5D6-4A83-B41E-55F4E5380C15}.Release|Any CPU.Build.0 = Release|Any CPU
		{708E072A-7F47-45FE-9856-BAD53A45B29C}.Debug|Any CPU.ActiveCfg = Debug|Any CPU
		{708E072A-7F47-45FE-9856-BAD53A45B29C}.Debug|Any CPU.Build.0 = Debug|Any CPU
		{708E072A-7F47-45FE-9856-BAD53A45B29C}.Release|Any CPU.ActiveCfg = Release|Any CPU
		{708E072A-7F47-45FE-9856-BAD53A45B29C}.Release|Any CPU.Build.0 = Release|Any CPU
		{24D09E50-EEAC-4719-8F51-EBC139E730C7}.Debug|Any CPU.ActiveCfg = Debug|Any CPU
		{24D09E50-EEAC-4719-8F51-EBC139E730C7}.Debug|Any CPU.Build.0 = Debug|Any CPU
		{24D09E50-EEAC-4719-8F51-EBC139E730C7}.Release|Any CPU.ActiveCfg = Release|Any CPU
		{24D09E50-EEAC-4719-8F51-EBC139E730C7}.Release|Any CPU.Build.0 = Release|Any CPU
		{C2915E38-5045-4045-B2CD-A790E9135F8B}.Debug|Any CPU.ActiveCfg = Debug|Any CPU
		{C2915E38-5045-4045-B2CD-A790E9135F8B}.Debug|Any CPU.Build.0 = Debug|Any CPU
		{C2915E38-5045-4045-B2CD-A790E9135F8B}.Release|Any CPU.ActiveCfg = Release|Any CPU
		{C2915E38-5045-4045-B2CD-A790E9135F8B}.Release|Any CPU.Build.0 = Release|Any CPU
		{67008419-51FB-4161-95AB-FEF6088C6309}.Debug|Any CPU.ActiveCfg = Debug|Any CPU
		{67008419-51FB-4161-95AB-FEF6088C6309}.Debug|Any CPU.Build.0 = Debug|Any CPU
		{67008419-51FB-4161-95AB-FEF6088C6309}.Release|Any CPU.ActiveCfg = Release|Any CPU
		{67008419-51FB-4161-95AB-FEF6088C6309}.Release|Any CPU.Build.0 = Release|Any CPU
		{3F7B8E48-5A36-4835-9081-93EE49A2AE6B}.Debug|Any CPU.ActiveCfg = Debug|Any CPU
		{3F7B8E48-5A36-4835-9081-93EE49A2AE6B}.Debug|Any CPU.Build.0 = Debug|Any CPU
		{3F7B8E48-5A36-4835-9081-93EE49A2AE6B}.Release|Any CPU.ActiveCfg = Release|Any CPU
		{3F7B8E48-5A36-4835-9081-93EE49A2AE6B}.Release|Any CPU.Build.0 = Release|Any CPU
		{192183E2-56DC-4AA9-82F1-D1A5314A8154}.Debug|Any CPU.ActiveCfg = Debug|Any CPU
		{192183E2-56DC-4AA9-82F1-D1A5314A8154}.Debug|Any CPU.Build.0 = Debug|Any CPU
		{192183E2-56DC-4AA9-82F1-D1A5314A8154}.Release|Any CPU.ActiveCfg = Release|Any CPU
		{192183E2-56DC-4AA9-82F1-D1A5314A8154}.Release|Any CPU.Build.0 = Release|Any CPU
		{CA03594C-FC7E-474E-9077-7399D14C4CE2}.Debug|Any CPU.ActiveCfg = Debug|Any CPU
		{CA03594C-FC7E-474E-9077-7399D14C4CE2}.Debug|Any CPU.Build.0 = Debug|Any CPU
		{CA03594C-FC7E-474E-9077-7399D14C4CE2}.Release|Any CPU.ActiveCfg = Release|Any CPU
		{CA03594C-FC7E-474E-9077-7399D14C4CE2}.Release|Any CPU.Build.0 = Release|Any CPU
		{2A399695-2141-447B-8FFC-3D0A5694D4C7}.Debug|Any CPU.ActiveCfg = Debug|Any CPU
		{2A399695-2141-447B-8FFC-3D0A5694D4C7}.Debug|Any CPU.Build.0 = Debug|Any CPU
		{2A399695-2141-447B-8FFC-3D0A5694D4C7}.Release|Any CPU.ActiveCfg = Release|Any CPU
		{2A399695-2141-447B-8FFC-3D0A5694D4C7}.Release|Any CPU.Build.0 = Release|Any CPU
		{DD53E4D4-CDC3-468F-8C6D-F60C90F178C6}.Debug|Any CPU.ActiveCfg = Debug|Any CPU
		{DD53E4D4-CDC3-468F-8C6D-F60C90F178C6}.Debug|Any CPU.Build.0 = Debug|Any CPU
		{DD53E4D4-CDC3-468F-8C6D-F60C90F178C6}.Release|Any CPU.ActiveCfg = Release|Any CPU
		{DD53E4D4-CDC3-468F-8C6D-F60C90F178C6}.Release|Any CPU.Build.0 = Release|Any CPU
		{AD748526-4823-4335-821C-A82631C3041D}.Debug|Any CPU.ActiveCfg = Debug|Any CPU
		{AD748526-4823-4335-821C-A82631C3041D}.Debug|Any CPU.Build.0 = Debug|Any CPU
		{AD748526-4823-4335-821C-A82631C3041D}.Release|Any CPU.ActiveCfg = Release|Any CPU
		{AD748526-4823-4335-821C-A82631C3041D}.Release|Any CPU.Build.0 = Release|Any CPU
		{1E3E35D2-FB9F-4C5E-8342-CD13DB829CA2}.Debug|Any CPU.ActiveCfg = Debug|Any CPU
		{1E3E35D2-FB9F-4C5E-8342-CD13DB829CA2}.Debug|Any CPU.Build.0 = Debug|Any CPU
		{1E3E35D2-FB9F-4C5E-8342-CD13DB829CA2}.Release|Any CPU.ActiveCfg = Release|Any CPU
		{1E3E35D2-FB9F-4C5E-8342-CD13DB829CA2}.Release|Any CPU.Build.0 = Release|Any CPU
		{D06F24E4-9588-4A38-89E6-08FEB065D8F9}.Debug|Any CPU.ActiveCfg = Debug|Any CPU
		{D06F24E4-9588-4A38-89E6-08FEB065D8F9}.Debug|Any CPU.Build.0 = Debug|Any CPU
		{D06F24E4-9588-4A38-89E6-08FEB065D8F9}.Release|Any CPU.ActiveCfg = Release|Any CPU
		{D06F24E4-9588-4A38-89E6-08FEB065D8F9}.Release|Any CPU.Build.0 = Release|Any CPU
		{15F30F9E-0A12-41CA-B768-570728B853A4}.Debug|Any CPU.ActiveCfg = Debug|Any CPU
		{15F30F9E-0A12-41CA-B768-570728B853A4}.Debug|Any CPU.Build.0 = Debug|Any CPU
		{15F30F9E-0A12-41CA-B768-570728B853A4}.Release|Any CPU.ActiveCfg = Release|Any CPU
		{15F30F9E-0A12-41CA-B768-570728B853A4}.Release|Any CPU.Build.0 = Release|Any CPU
	EndGlobalSection
	GlobalSection(SolutionProperties) = preSolution
		HideSolutionNode = FALSE
	EndGlobalSection
	GlobalSection(NestedProjects) = preSolution
		{3ED7E1F2-1813-41CF-9B2A-5275A767A7E6} = {330E56F0-B478-43F3-81BB-8277894F7A52}
		{95F3604D-A5D6-4A83-B41E-55F4E5380C15} = {3ED7E1F2-1813-41CF-9B2A-5275A767A7E6}
		{3004CB9C-8EBF-4EF3-A659-039CDEF5384D} = {330E56F0-B478-43F3-81BB-8277894F7A52}
		{708E072A-7F47-45FE-9856-BAD53A45B29C} = {3004CB9C-8EBF-4EF3-A659-039CDEF5384D}
		{5D12C521-625F-4357-9D6C-66209805C495} = {330E56F0-B478-43F3-81BB-8277894F7A52}
		{E3E5B133-A5BB-4DE2-9F83-7D573473504B} = {5D12C521-625F-4357-9D6C-66209805C495}
		{E475D187-4A99-4A50-93E5-AA871E4D9335} = {5D12C521-625F-4357-9D6C-66209805C495}
		{E61998B6-A4C5-4A59-B1CD-50DA548D04DA} = {5D12C521-625F-4357-9D6C-66209805C495}
		{24D09E50-EEAC-4719-8F51-EBC139E730C7} = {E3E5B133-A5BB-4DE2-9F83-7D573473504B}
		{C2915E38-5045-4045-B2CD-A790E9135F8B} = {E3E5B133-A5BB-4DE2-9F83-7D573473504B}
		{67008419-51FB-4161-95AB-FEF6088C6309} = {E475D187-4A99-4A50-93E5-AA871E4D9335}
		{3F7B8E48-5A36-4835-9081-93EE49A2AE6B} = {E61998B6-A4C5-4A59-B1CD-50DA548D04DA}
		{192183E2-56DC-4AA9-82F1-D1A5314A8154} = {B635C485-6AA7-42CE-AEE4-90214CC73C35}
		{25BA1ED1-E7B7-4EA1-B723-6075783BCA83} = {330E56F0-B478-43F3-81BB-8277894F7A52}
		{CA03594C-FC7E-474E-9077-7399D14C4CE2} = {25BA1ED1-E7B7-4EA1-B723-6075783BCA83}
		{2A399695-2141-447B-8FFC-3D0A5694D4C7} = {25BA1ED1-E7B7-4EA1-B723-6075783BCA83}
		{DD53E4D4-CDC3-468F-8C6D-F60C90F178C6} = {25BA1ED1-E7B7-4EA1-B723-6075783BCA83}
		{AD748526-4823-4335-821C-A82631C3041D} = {25BA1ED1-E7B7-4EA1-B723-6075783BCA83}
		{1E3E35D2-FB9F-4C5E-8342-CD13DB829CA2} = {25BA1ED1-E7B7-4EA1-B723-6075783BCA83}
		{1172EAAF-CE84-48D5-B55E-7612457B45A0} = {330E56F0-B478-43F3-81BB-8277894F7A52}
		{D06F24E4-9588-4A38-89E6-08FEB065D8F9} = {1172EAAF-CE84-48D5-B55E-7612457B45A0}
		{15F30F9E-0A12-41CA-B768-570728B853A4} = {9F3663E8-420B-4B6E-ACD5-4958C2779706}
	EndGlobalSection
	GlobalSection(ExtensibilityGlobals) = postSolution
		SolutionGuid = {7585C839-A680-436E-B39E-894CD071A4DF}
	EndGlobalSection
EndGlobal
