
Microsoft Visual Studio Solution File, Format Version 12.00
# Visual Studio Version 17
VisualStudioVersion = 17.8.34330.188
MinimumVisualStudioVersion = 10.0.40219.1
Project("{2150E333-8FDC-42A3-9474-1A3956D46DE8}") = "Services", "Services", "{330E56F0-B478-43F3-81BB-8277894F7A52}"
EndProject
Project("{2150E333-8FDC-42A3-9474-1A3956D46DE8}") = "Catalog", "Catalog", "{3ED7E1F2-1813-41CF-9B2A-5275A767A7E6}"
EndProject
Project("{FAE04EC0-301F-11D3-BF4B-00C04F79EFBC}") = "MicroserviceProject.Catalog", "Services\Catalog\MicroserviceProject.Catalog\MicroserviceProject.Catalog.csproj", "{95F3604D-A5D6-4A83-B41E-55F4E5380C15}"
EndProject
Global
	GlobalSection(SolutionConfigurationPlatforms) = preSolution
		Debug|Any CPU = Debug|Any CPU
		Release|Any CPU = Release|Any CPU
	EndGlobalSection
	GlobalSection(ProjectConfigurationPlatforms) = postSolution
		{95F3604D-A5D6-4A83-B41E-55F4E5380C15}.Debug|Any CPU.ActiveCfg = Debug|Any CPU
		{95F3604D-A5D6-4A83-B41E-55F4E5380C15}.Debug|Any CPU.Build.0 = Debug|Any CPU
		{95F3604D-A5D6-4A83-B41E-55F4E5380C15}.Release|Any CPU.ActiveCfg = Release|Any CPU
		{95F3604D-A5D6-4A83-B41E-55F4E5380C15}.Release|Any CPU.Build.0 = Release|Any CPU
	EndGlobalSection
	GlobalSection(SolutionProperties) = preSolution
		HideSolutionNode = FALSE
	EndGlobalSection
	GlobalSection(NestedProjects) = preSolution
		{3ED7E1F2-1813-41CF-9B2A-5275A767A7E6} = {330E56F0-B478-43F3-81BB-8277894F7A52}
		{95F3604D-A5D6-4A83-B41E-55F4E5380C15} = {3ED7E1F2-1813-41CF-9B2A-5275A767A7E6}
	EndGlobalSection
	GlobalSection(ExtensibilityGlobals) = postSolution
		SolutionGuid = {7585C839-A680-436E-B39E-894CD071A4DF}
	EndGlobalSection
EndGlobal
